
Microsoft Visual Studio Solution File, Format Version 12.00
# Visual Studio 15
VisualStudioVersion = 15.0.28307.136
MinimumVisualStudioVersion = 10.0.40219.1
Project("{FAE04EC0-301F-11D3-BF4B-00C04F79EFBC}") = "Parser", "Parser\Parser.csproj", "{264E9674-11E2-4ADE-9AFE-198E4699F33C}"
EndProject
Project("{FAE04EC0-301F-11D3-BF4B-00C04F79EFBC}") = "RangeIntervals", "RangeIntervals\RangeIntervals.csproj", "{E75325BB-1BFD-4C7B-BA5B-B17881531A5B}"
EndProject
Project("{FAE04EC0-301F-11D3-BF4B-00C04F79EFBC}") = "GraphLibrary", "GraphLibrary\GraphLibrary\GraphLibrary.csproj", "{D0E52A9B-DFDA-4EC2-90C5-8C3BB41FE782}"
EndProject
Project("{FAE04EC0-301F-11D3-BF4B-00C04F79EFBC}") = "DFASimulator", "DFASimulator\DFASimulator.csproj", "{369865DA-C49F-450A-A76C-33E501399E63}"
EndProject
Global
	GlobalSection(SolutionConfigurationPlatforms) = preSolution
		Debug|Any CPU = Debug|Any CPU
		Release|Any CPU = Release|Any CPU
	EndGlobalSection
	GlobalSection(ProjectConfigurationPlatforms) = postSolution
		{264E9674-11E2-4ADE-9AFE-198E4699F33C}.Debug|Any CPU.ActiveCfg = Debug|Any CPU
		{264E9674-11E2-4ADE-9AFE-198E4699F33C}.Debug|Any CPU.Build.0 = Debug|Any CPU
		{264E9674-11E2-4ADE-9AFE-198E4699F33C}.Release|Any CPU.ActiveCfg = Release|Any CPU
		{264E9674-11E2-4ADE-9AFE-198E4699F33C}.Release|Any CPU.Build.0 = Release|Any CPU
		{E75325BB-1BFD-4C7B-BA5B-B17881531A5B}.Debug|Any CPU.ActiveCfg = Debug|Any CPU
		{E75325BB-1BFD-4C7B-BA5B-B17881531A5B}.Debug|Any CPU.Build.0 = Debug|Any CPU
		{E75325BB-1BFD-4C7B-BA5B-B17881531A5B}.Release|Any CPU.ActiveCfg = Release|Any CPU
		{E75325BB-1BFD-4C7B-BA5B-B17881531A5B}.Release|Any CPU.Build.0 = Release|Any CPU
		{D0E52A9B-DFDA-4EC2-90C5-8C3BB41FE782}.Debug|Any CPU.ActiveCfg = Debug|Any CPU
		{D0E52A9B-DFDA-4EC2-90C5-8C3BB41FE782}.Debug|Any CPU.Build.0 = Debug|Any CPU
		{D0E52A9B-DFDA-4EC2-90C5-8C3BB41FE782}.Release|Any CPU.ActiveCfg = Release|Any CPU
		{D0E52A9B-DFDA-4EC2-90C5-8C3BB41FE782}.Release|Any CPU.Build.0 = Release|Any CPU
		{369865DA-C49F-450A-A76C-33E501399E63}.Debug|Any CPU.ActiveCfg = Debug|Any CPU
		{369865DA-C49F-450A-A76C-33E501399E63}.Debug|Any CPU.Build.0 = Debug|Any CPU
		{369865DA-C49F-450A-A76C-33E501399E63}.Release|Any CPU.ActiveCfg = Release|Any CPU
		{369865DA-C49F-450A-A76C-33E501399E63}.Release|Any CPU.Build.0 = Release|Any CPU
	EndGlobalSection
	GlobalSection(SolutionProperties) = preSolution
		HideSolutionNode = FALSE
	EndGlobalSection
	GlobalSection(ExtensibilityGlobals) = postSolution
		SolutionGuid = {CB017DED-F6A6-4ED2-A462-59735127DBB2}
	EndGlobalSection
EndGlobal
